
Microsoft Visual Studio Solution File, Format Version 12.00
# Visual Studio Version 17
VisualStudioVersion = 17.0.31903.59
MinimumVisualStudioVersion = 10.0.40219.1
Project("{FAE04EC0-301F-11D3-BF4B-00C04F79EFBC}") = "DesignPatternApp", "DesignPatternApp\DesignPatternApp.csproj", "{176AD6DD-4A1A-47BF-8E7E-AB8102C9D9EC}"
EndProject
Project("{2150E333-8FDC-42A3-9474-1A3956D46DE8}") = "Projektmappenelemente", "Projektmappenelemente", "{84D27F74-D2BA-6C25-2661-968F101900D9}"
	ProjectSection(SolutionItems) = preProject
		.editorconfig = .editorconfig
		.gitignore = .gitignore
		ReadMe.md = ReadMe.md
	EndProjectSection
EndProject
Global
	GlobalSection(SolutionConfigurationPlatforms) = preSolution
		Debug|Any CPU = Debug|Any CPU
		Release|Any CPU = Release|Any CPU
	EndGlobalSection
	GlobalSection(ProjectConfigurationPlatforms) = postSolution
		{176AD6DD-4A1A-47BF-8E7E-AB8102C9D9EC}.Debug|Any CPU.ActiveCfg = Debug|Any CPU
		{176AD6DD-4A1A-47BF-8E7E-AB8102C9D9EC}.Debug|Any CPU.Build.0 = Debug|Any CPU
		{176AD6DD-4A1A-47BF-8E7E-AB8102C9D9EC}.Release|Any CPU.ActiveCfg = Release|Any CPU
		{176AD6DD-4A1A-47BF-8E7E-AB8102C9D9EC}.Release|Any CPU.Build.0 = Release|Any CPU
	EndGlobalSection
	GlobalSection(SolutionProperties) = preSolution
		HideSolutionNode = FALSE
	EndGlobalSection
	GlobalSection(ExtensibilityGlobals) = postSolution
		SolutionGuid = {66C7EB99-E68D-41F0-B8CF-5432459A04B6}
	EndGlobalSection
EndGlobal
